// !$*UTF8*$!
{
	archiveVersion = 1;
	classes = {
	};
	objectVersion = 56;
	objects = {

/* Begin PBXBuildFile section */
		46934A7328DA727C00C4F8B1 /* LoveSeatView.swift in Sources */ = {isa = PBXBuildFile; fileRef = 46934A7228DA727C00C4F8B1 /* LoveSeatView.swift */; };
		46934A7528DA72B400C4F8B1 /* LoveSeatToggleStyle.swift in Sources */ = {isa = PBXBuildFile; fileRef = 46934A7428DA72B400C4F8B1 /* LoveSeatToggleStyle.swift */; };
		46A15CA328DA2A9D0067AFF8 /* MovieTheatreSeatingApp.swift in Sources */ = {isa = PBXBuildFile; fileRef = 46A15CA228DA2A9D0067AFF8 /* MovieTheatreSeatingApp.swift */; };
		46A15CA528DA2A9D0067AFF8 /* ContentView.swift in Sources */ = {isa = PBXBuildFile; fileRef = 46A15CA428DA2A9D0067AFF8 /* ContentView.swift */; };
		46A15CA728DA2A9E0067AFF8 /* Assets.xcassets in Resources */ = {isa = PBXBuildFile; fileRef = 46A15CA628DA2A9E0067AFF8 /* Assets.xcassets */; };
		46A15CAA28DA2A9E0067AFF8 /* Preview Assets.xcassets in Resources */ = {isa = PBXBuildFile; fileRef = 46A15CA928DA2A9E0067AFF8 /* Preview Assets.xcassets */; };
		46A15CB628DA4FBF0067AFF8 /* SeatView.swift in Sources */ = {isa = PBXBuildFile; fileRef = 46A15CB528DA4FBF0067AFF8 /* SeatView.swift */; };
		46BA804728F7C30B0086D2DA /* TheatreGridSeatingView.swift in Sources */ = {isa = PBXBuildFile; fileRef = 46BA804628F7C30B0086D2DA /* TheatreGridSeatingView.swift */; };
		46BA804928F7E3AC0086D2DA /* TheatreSeatingView.swift in Sources */ = {isa = PBXBuildFile; fileRef = 46BA804828F7E3AC0086D2DA /* TheatreSeatingView.swift */; };
		46BA804E28F7E8760086D2DA /* Screen.swift in Sources */ = {isa = PBXBuildFile; fileRef = 46BA804D28F7E8760086D2DA /* Screen.swift */; };
		46BA805028F853170086D2DA /* ItemView.swift in Sources */ = {isa = PBXBuildFile; fileRef = 46BA804F28F853170086D2DA /* ItemView.swift */; };
		46D66B5428DABBFA003A988B /* CinebistroView.swift in Sources */ = {isa = PBXBuildFile; fileRef = 46D66B5328DABBFA003A988B /* CinebistroView.swift */; };
		46FAE96728DB661B00AA0450 /* SingleSeatToggleStyle.swift in Sources */ = {isa = PBXBuildFile; fileRef = 46FAE96628DB661B00AA0450 /* SingleSeatToggleStyle.swift */; };
		46FAE96E28DB912F00AA0450 /* CustomFont.swift in Sources */ = {isa = PBXBuildFile; fileRef = 46FAE96D28DB912F00AA0450 /* CustomFont.swift */; };
		46FAE97028DB914900AA0450 /* Font+Extension.swift in Sources */ = {isa = PBXBuildFile; fileRef = 46FAE96F28DB914900AA0450 /* Font+Extension.swift */; };
		46FAE97328DB940F00AA0450 /* GridViewModel.swift in Sources */ = {isa = PBXBuildFile; fileRef = 46FAE97228DB940F00AA0450 /* GridViewModel.swift */; };
/* End PBXBuildFile section */

/* Begin PBXFileReference section */
		46934A7228DA727C00C4F8B1 /* LoveSeatView.swift */ = {isa = PBXFileReference; fileEncoding = 4; lastKnownFileType = sourcecode.swift; path = LoveSeatView.swift; sourceTree = "<group>"; };
		46934A7428DA72B400C4F8B1 /* LoveSeatToggleStyle.swift */ = {isa = PBXFileReference; fileEncoding = 4; lastKnownFileType = sourcecode.swift; path = LoveSeatToggleStyle.swift; sourceTree = "<group>"; };
		46A15C9F28DA2A9D0067AFF8 /* MovieTheatreSeating.app */ = {isa = PBXFileReference; explicitFileType = wrapper.application; includeInIndex = 0; path = MovieTheatreSeating.app; sourceTree = BUILT_PRODUCTS_DIR; };
		46A15CA228DA2A9D0067AFF8 /* MovieTheatreSeatingApp.swift */ = {isa = PBXFileReference; lastKnownFileType = sourcecode.swift; path = MovieTheatreSeatingApp.swift; sourceTree = "<group>"; };
		46A15CA428DA2A9D0067AFF8 /* ContentView.swift */ = {isa = PBXFileReference; lastKnownFileType = sourcecode.swift; path = ContentView.swift; sourceTree = "<group>"; };
		46A15CA628DA2A9E0067AFF8 /* Assets.xcassets */ = {isa = PBXFileReference; lastKnownFileType = folder.assetcatalog; path = Assets.xcassets; sourceTree = "<group>"; };
		46A15CA928DA2A9E0067AFF8 /* Preview Assets.xcassets */ = {isa = PBXFileReference; lastKnownFileType = folder.assetcatalog; path = "Preview Assets.xcassets"; sourceTree = "<group>"; };
		46A15CB528DA4FBF0067AFF8 /* SeatView.swift */ = {isa = PBXFileReference; lastKnownFileType = sourcecode.swift; path = SeatView.swift; sourceTree = "<group>"; };
		46BA804628F7C30B0086D2DA /* TheatreGridSeatingView.swift */ = {isa = PBXFileReference; lastKnownFileType = sourcecode.swift; path = TheatreGridSeatingView.swift; sourceTree = "<group>"; };
		46BA804828F7E3AC0086D2DA /* TheatreSeatingView.swift */ = {isa = PBXFileReference; lastKnownFileType = sourcecode.swift; path = TheatreSeatingView.swift; sourceTree = "<group>"; };
		46BA804D28F7E8760086D2DA /* Screen.swift */ = {isa = PBXFileReference; lastKnownFileType = sourcecode.swift; path = Screen.swift; sourceTree = "<group>"; };
		46BA804F28F853170086D2DA /* ItemView.swift */ = {isa = PBXFileReference; lastKnownFileType = sourcecode.swift; path = ItemView.swift; sourceTree = "<group>"; };
		46D66B5328DABBFA003A988B /* CinebistroView.swift */ = {isa = PBXFileReference; lastKnownFileType = sourcecode.swift; path = CinebistroView.swift; sourceTree = "<group>"; };
		46FAE96628DB661B00AA0450 /* SingleSeatToggleStyle.swift */ = {isa = PBXFileReference; fileEncoding = 4; lastKnownFileType = sourcecode.swift; path = SingleSeatToggleStyle.swift; sourceTree = "<group>"; };
		46FAE96D28DB912F00AA0450 /* CustomFont.swift */ = {isa = PBXFileReference; fileEncoding = 4; lastKnownFileType = sourcecode.swift; path = CustomFont.swift; sourceTree = "<group>"; };
		46FAE96F28DB914900AA0450 /* Font+Extension.swift */ = {isa = PBXFileReference; fileEncoding = 4; lastKnownFileType = sourcecode.swift; path = "Font+Extension.swift"; sourceTree = "<group>"; };
		46FAE97228DB940F00AA0450 /* GridViewModel.swift */ = {isa = PBXFileReference; lastKnownFileType = sourcecode.swift; path = GridViewModel.swift; sourceTree = "<group>"; };
/* End PBXFileReference section */

/* Begin PBXFrameworksBuildPhase section */
		46A15C9C28DA2A9D0067AFF8 /* Frameworks */ = {
			isa = PBXFrameworksBuildPhase;
			buildActionMask = 2147483647;
			files = (
			);
			runOnlyForDeploymentPostprocessing = 0;
		};
/* End PBXFrameworksBuildPhase section */

/* Begin PBXGroup section */
		46A15C9628DA2A9D0067AFF8 = {
			isa = PBXGroup;
			children = (
				46A15CA128DA2A9D0067AFF8 /* MovieTheatreSeating */,
				46A15CA028DA2A9D0067AFF8 /* Products */,
			);
			sourceTree = "<group>";
		};
		46A15CA028DA2A9D0067AFF8 /* Products */ = {
			isa = PBXGroup;
			children = (
				46A15C9F28DA2A9D0067AFF8 /* MovieTheatreSeating.app */,
			);
			name = Products;
			sourceTree = "<group>";
		};
		46A15CA128DA2A9D0067AFF8 /* MovieTheatreSeating */ = {
			isa = PBXGroup;
			children = (
				46BA804B28F7E6BC0086D2DA /* App */,
				46BA804A28F7E6AE0086D2DA /* Utilities */,
				46FAE97128DB937000AA0450 /* Data */,
				46FAE96A28DB749400AA0450 /* Seats */,
				46BA804C28F7E71A0086D2DA /* Views */,
				46A15CA428DA2A9D0067AFF8 /* ContentView.swift */,
				46A15CA628DA2A9E0067AFF8 /* Assets.xcassets */,
				46A15CA828DA2A9E0067AFF8 /* Preview Content */,
			);
			path = MovieTheatreSeating;
			sourceTree = "<group>";
		};
		46A15CA828DA2A9E0067AFF8 /* Preview Content */ = {
			isa = PBXGroup;
			children = (
				46A15CA928DA2A9E0067AFF8 /* Preview Assets.xcassets */,
			);
			path = "Preview Content";
			sourceTree = "<group>";
		};
		46BA804A28F7E6AE0086D2DA /* Utilities */ = {
			isa = PBXGroup;
			children = (
				46FAE96D28DB912F00AA0450 /* CustomFont.swift */,
				46FAE96F28DB914900AA0450 /* Font+Extension.swift */,
				46BA804D28F7E8760086D2DA /* Screen.swift */,
			);
			path = Utilities;
			sourceTree = "<group>";
		};
		46BA804B28F7E6BC0086D2DA /* App */ = {
			isa = PBXGroup;
			children = (
				46A15CA228DA2A9D0067AFF8 /* MovieTheatreSeatingApp.swift */,
			);
			path = App;
			sourceTree = "<group>";
		};
		46BA804C28F7E71A0086D2DA /* Views */ = {
			isa = PBXGroup;
			children = (
				46BA804628F7C30B0086D2DA /* TheatreGridSeatingView.swift */,
				46BA804828F7E3AC0086D2DA /* TheatreSeatingView.swift */,
				46D66B5328DABBFA003A988B /* CinebistroView.swift */,
			);
			path = Views;
			sourceTree = "<group>";
		};
		46FAE96A28DB749400AA0450 /* Seats */ = {
			isa = PBXGroup;
			children = (
				46A15CB528DA4FBF0067AFF8 /* SeatView.swift */,
				46FAE96628DB661B00AA0450 /* SingleSeatToggleStyle.swift */,
				46934A7228DA727C00C4F8B1 /* LoveSeatView.swift */,
				46934A7428DA72B400C4F8B1 /* LoveSeatToggleStyle.swift */,
			);
			path = Seats;
			sourceTree = "<group>";
		};
		46FAE97128DB937000AA0450 /* Data */ = {
			isa = PBXGroup;
			children = (
				46FAE97228DB940F00AA0450 /* GridViewModel.swift */,
				46BA804F28F853170086D2DA /* ItemView.swift */,
			);
			path = Data;
			sourceTree = "<group>";
		};
/* End PBXGroup section */

/* Begin PBXNativeTarget section */
		46A15C9E28DA2A9D0067AFF8 /* MovieTheatreSeating */ = {
			isa = PBXNativeTarget;
			buildConfigurationList = 46A15CAD28DA2A9E0067AFF8 /* Build configuration list for PBXNativeTarget "MovieTheatreSeating" */;
			buildPhases = (
				46A15C9B28DA2A9D0067AFF8 /* Sources */,
				46A15C9C28DA2A9D0067AFF8 /* Frameworks */,
				46A15C9D28DA2A9D0067AFF8 /* Resources */,
			);
			buildRules = (
			);
			dependencies = (
			);
			name = MovieTheatreSeating;
			packageProductDependencies = (
			);
			productName = MovieTheatreSeating;
			productReference = 46A15C9F28DA2A9D0067AFF8 /* MovieTheatreSeating.app */;
			productType = "com.apple.product-type.application";
		};
/* End PBXNativeTarget section */

/* Begin PBXProject section */
		46A15C9728DA2A9D0067AFF8 /* Project object */ = {
			isa = PBXProject;
			attributes = {
				BuildIndependentTargetsInParallel = 1;
				LastSwiftUpdateCheck = 1400;
				LastUpgradeCheck = 1400;
				TargetAttributes = {
					46A15C9E28DA2A9D0067AFF8 = {
						CreatedOnToolsVersion = 14.0;
					};
				};
			};
			buildConfigurationList = 46A15C9A28DA2A9D0067AFF8 /* Build configuration list for PBXProject "MovieTheatreSeating" */;
			compatibilityVersion = "Xcode 14.0";
			developmentRegion = en;
			hasScannedForEncodings = 0;
			knownRegions = (
				en,
				Base,
			);
			mainGroup = 46A15C9628DA2A9D0067AFF8;
			packageReferences = (
			);
			productRefGroup = 46A15CA028DA2A9D0067AFF8 /* Products */;
			projectDirPath = "";
			projectRoot = "";
			targets = (
				46A15C9E28DA2A9D0067AFF8 /* MovieTheatreSeating */,
			);
		};
/* End PBXProject section */

/* Begin PBXResourcesBuildPhase section */
		46A15C9D28DA2A9D0067AFF8 /* Resources */ = {
			isa = PBXResourcesBuildPhase;
			buildActionMask = 2147483647;
			files = (
				46A15CAA28DA2A9E0067AFF8 /* Preview Assets.xcassets in Resources */,
				46A15CA728DA2A9E0067AFF8 /* Assets.xcassets in Resources */,
			);
			runOnlyForDeploymentPostprocessing = 0;
		};
/* End PBXResourcesBuildPhase section */

/* Begin PBXSourcesBuildPhase section */
		46A15C9B28DA2A9D0067AFF8 /* Sources */ = {
			isa = PBXSourcesBuildPhase;
			buildActionMask = 2147483647;
			files = (
				46BA805028F853170086D2DA /* ItemView.swift in Sources */,
				46934A7528DA72B400C4F8B1 /* LoveSeatToggleStyle.swift in Sources */,
				46FAE97328DB940F00AA0450 /* GridViewModel.swift in Sources */,
				46FAE97028DB914900AA0450 /* Font+Extension.swift in Sources */,
				46BA804E28F7E8760086D2DA /* Screen.swift in Sources */,
				46A15CB628DA4FBF0067AFF8 /* SeatView.swift in Sources */,
				46934A7328DA727C00C4F8B1 /* LoveSeatView.swift in Sources */,
				46BA804928F7E3AC0086D2DA /* TheatreSeatingView.swift in Sources */,
				46D66B5428DABBFA003A988B /* CinebistroView.swift in Sources */,
				46BA804728F7C30B0086D2DA /* TheatreGridSeatingView.swift in Sources */,
				46FAE96E28DB912F00AA0450 /* CustomFont.swift in Sources */,
				46A15CA528DA2A9D0067AFF8 /* ContentView.swift in Sources */,
				46FAE96728DB661B00AA0450 /* SingleSeatToggleStyle.swift in Sources */,
				46A15CA328DA2A9D0067AFF8 /* MovieTheatreSeatingApp.swift in Sources */,
			);
			runOnlyForDeploymentPostprocessing = 0;
		};
/* End PBXSourcesBuildPhase section */

/* Begin XCBuildConfiguration section */
		46A15CAB28DA2A9E0067AFF8 /* Debug */ = {
			isa = XCBuildConfiguration;
			buildSettings = {
				ALWAYS_SEARCH_USER_PATHS = NO;
				CLANG_ANALYZER_NONNULL = YES;
				CLANG_ANALYZER_NUMBER_OBJECT_CONVERSION = YES_AGGRESSIVE;
				CLANG_CXX_LANGUAGE_STANDARD = "gnu++20";
				CLANG_ENABLE_MODULES = YES;
				CLANG_ENABLE_OBJC_ARC = YES;
				CLANG_ENABLE_OBJC_WEAK = YES;
				CLANG_WARN_BLOCK_CAPTURE_AUTORELEASING = YES;
				CLANG_WARN_BOOL_CONVERSION = YES;
				CLANG_WARN_COMMA = YES;
				CLANG_WARN_CONSTANT_CONVERSION = YES;
				CLANG_WARN_DEPRECATED_OBJC_IMPLEMENTATIONS = YES;
				CLANG_WARN_DIRECT_OBJC_ISA_USAGE = YES_ERROR;
				CLANG_WARN_DOCUMENTATION_COMMENTS = YES;
				CLANG_WARN_EMPTY_BODY = YES;
				CLANG_WARN_ENUM_CONVERSION = YES;
				CLANG_WARN_INFINITE_RECURSION = YES;
				CLANG_WARN_INT_CONVERSION = YES;
				CLANG_WARN_NON_LITERAL_NULL_CONVERSION = YES;
				CLANG_WARN_OBJC_IMPLICIT_RETAIN_SELF = YES;
				CLANG_WARN_OBJC_LITERAL_CONVERSION = YES;
				CLANG_WARN_OBJC_ROOT_CLASS = YES_ERROR;
				CLANG_WARN_QUOTED_INCLUDE_IN_FRAMEWORK_HEADER = YES;
				CLANG_WARN_RANGE_LOOP_ANALYSIS = YES;
				CLANG_WARN_STRICT_PROTOTYPES = YES;
				CLANG_WARN_SUSPICIOUS_MOVE = YES;
				CLANG_WARN_UNGUARDED_AVAILABILITY = YES_AGGRESSIVE;
				CLANG_WARN_UNREACHABLE_CODE = YES;
				CLANG_WARN__DUPLICATE_METHOD_MATCH = YES;
				COPY_PHASE_STRIP = NO;
				DEBUG_INFORMATION_FORMAT = dwarf;
				ENABLE_STRICT_OBJC_MSGSEND = YES;
				ENABLE_TESTABILITY = YES;
				GCC_C_LANGUAGE_STANDARD = gnu11;
				GCC_DYNAMIC_NO_PIC = NO;
				GCC_NO_COMMON_BLOCKS = YES;
				GCC_OPTIMIZATION_LEVEL = 0;
				GCC_PREPROCESSOR_DEFINITIONS = (
					"DEBUG=1",
					"$(inherited)",
				);
				GCC_WARN_64_TO_32_BIT_CONVERSION = YES;
				GCC_WARN_ABOUT_RETURN_TYPE = YES_ERROR;
				GCC_WARN_UNDECLARED_SELECTOR = YES;
				GCC_WARN_UNINITIALIZED_AUTOS = YES_AGGRESSIVE;
				GCC_WARN_UNUSED_FUNCTION = YES;
				GCC_WARN_UNUSED_VARIABLE = YES;
				IPHONEOS_DEPLOYMENT_TARGET = 16.0;
				MTL_ENABLE_DEBUG_INFO = INCLUDE_SOURCE;
				MTL_FAST_MATH = YES;
				ONLY_ACTIVE_ARCH = YES;
				SDKROOT = iphoneos;
				SWIFT_ACTIVE_COMPILATION_CONDITIONS = DEBUG;
				SWIFT_OPTIMIZATION_LEVEL = "-Onone";
			};
			name = Debug;
		};
		46A15CAC28DA2A9E0067AFF8 /* Release */ = {
			isa = XCBuildConfiguration;
			buildSettings = {
				ALWAYS_SEARCH_USER_PATHS = NO;
				CLANG_ANALYZER_NONNULL = YES;
				CLANG_ANALYZER_NUMBER_OBJECT_CONVERSION = YES_AGGRESSIVE;
				CLANG_CXX_LANGUAGE_STANDARD = "gnu++20";
				CLANG_ENABLE_MODULES = YES;
				CLANG_ENABLE_OBJC_ARC = YES;
				CLANG_ENABLE_OBJC_WEAK = YES;
				CLANG_WARN_BLOCK_CAPTURE_AUTORELEASING = YES;
				CLANG_WARN_BOOL_CONVERSION = YES;
				CLANG_WARN_COMMA = YES;
				CLANG_WARN_CONSTANT_CONVERSION = YES;
				CLANG_WARN_DEPRECATED_OBJC_IMPLEMENTATIONS = YES;
				CLANG_WARN_DIRECT_OBJC_ISA_USAGE = YES_ERROR;
				CLANG_WARN_DOCUMENTATION_COMMENTS = YES;
				CLANG_WARN_EMPTY_BODY = YES;
				CLANG_WARN_ENUM_CONVERSION = YES;
				CLANG_WARN_INFINITE_RECURSION = YES;
				CLANG_WARN_INT_CONVERSION = YES;
				CLANG_WARN_NON_LITERAL_NULL_CONVERSION = YES;
				CLANG_WARN_OBJC_IMPLICIT_RETAIN_SELF = YES;
				CLANG_WARN_OBJC_LITERAL_CONVERSION = YES;
				CLANG_WARN_OBJC_ROOT_CLASS = YES_ERROR;
				CLANG_WARN_QUOTED_INCLUDE_IN_FRAMEWORK_HEADER = YES;
				CLANG_WARN_RANGE_LOOP_ANALYSIS = YES;
				CLANG_WARN_STRICT_PROTOTYPES = YES;
				CLANG_WARN_SUSPICIOUS_MOVE = YES;
				CLANG_WARN_UNGUARDED_AVAILABILITY = YES_AGGRESSIVE;
				CLANG_WARN_UNREACHABLE_CODE = YES;
				CLANG_WARN__DUPLICATE_METHOD_MATCH = YES;
				COPY_PHASE_STRIP = NO;
				DEBUG_INFORMATION_FORMAT = "dwarf-with-dsym";
				ENABLE_NS_ASSERTIONS = NO;
				ENABLE_STRICT_OBJC_MSGSEND = YES;
				GCC_C_LANGUAGE_STANDARD = gnu11;
				GCC_NO_COMMON_BLOCKS = YES;
				GCC_WARN_64_TO_32_BIT_CONVERSION = YES;
				GCC_WARN_ABOUT_RETURN_TYPE = YES_ERROR;
				GCC_WARN_UNDECLARED_SELECTOR = YES;
				GCC_WARN_UNINITIALIZED_AUTOS = YES_AGGRESSIVE;
				GCC_WARN_UNUSED_FUNCTION = YES;
				GCC_WARN_UNUSED_VARIABLE = YES;
				IPHONEOS_DEPLOYMENT_TARGET = 16.0;
				MTL_ENABLE_DEBUG_INFO = NO;
				MTL_FAST_MATH = YES;
				SDKROOT = iphoneos;
				SWIFT_COMPILATION_MODE = wholemodule;
				SWIFT_OPTIMIZATION_LEVEL = "-O";
				VALIDATE_PRODUCT = YES;
			};
			name = Release;
		};
		46A15CAE28DA2A9E0067AFF8 /* Debug */ = {
			isa = XCBuildConfiguration;
			buildSettings = {
				ASSETCATALOG_COMPILER_APPICON_NAME = AppIcon;
				ASSETCATALOG_COMPILER_GLOBAL_ACCENT_COLOR_NAME = AccentColor;
				CODE_SIGN_STYLE = Automatic;
				CURRENT_PROJECT_VERSION = 1;
				DEVELOPMENT_ASSET_PATHS = "\"MovieTheatreSeating/Preview Content\"";
				DEVELOPMENT_TEAM = BCKVL9BZPW;
				ENABLE_PREVIEWS = YES;
				GENERATE_INFOPLIST_FILE = YES;
				INFOPLIST_KEY_UIApplicationSceneManifest_Generation = YES;
				INFOPLIST_KEY_UIApplicationSupportsIndirectInputEvents = YES;
				INFOPLIST_KEY_UILaunchScreen_Generation = YES;
				INFOPLIST_KEY_UISupportedInterfaceOrientations_iPad = "UIInterfaceOrientationPortrait UIInterfaceOrientationPortraitUpsideDown UIInterfaceOrientationLandscapeLeft UIInterfaceOrientationLandscapeRight";
				INFOPLIST_KEY_UISupportedInterfaceOrientations_iPhone = "UIInterfaceOrientationPortrait UIInterfaceOrientationLandscapeLeft UIInterfaceOrientationLandscapeRight";
				LD_RUNPATH_SEARCH_PATHS = (
					"$(inherited)",
					"@executable_path/Frameworks",
				);
				MARKETING_VERSION = 1.0;
				PRODUCT_BUNDLE_IDENTIFIER = io.DesignToSwiftUI.MovieTheatreSeating;
				PRODUCT_NAME = "$(TARGET_NAME)";
				SUPPORTED_PLATFORMS = "iphoneos iphonesimulator";
				SUPPORTS_MACCATALYST = NO;
				SUPPORTS_MAC_DESIGNED_FOR_IPHONE_IPAD = NO;
				SWIFT_EMIT_LOC_STRINGS = YES;
				SWIFT_VERSION = 5.0;
				TARGETED_DEVICE_FAMILY = "1,2";
			};
			name = Debug;
		};
		46A15CAF28DA2A9E0067AFF8 /* Release */ = {
			isa = XCBuildConfiguration;
			buildSettings = {
				ASSETCATALOG_COMPILER_APPICON_NAME = AppIcon;
				ASSETCATALOG_COMPILER_GLOBAL_ACCENT_COLOR_NAME = AccentColor;
				CODE_SIGN_STYLE = Automatic;
				CURRENT_PROJECT_VERSION = 1;
				DEVELOPMENT_ASSET_PATHS = "\"MovieTheatreSeating/Preview Content\"";
				DEVELOPMENT_TEAM = BCKVL9BZPW;
				ENABLE_PREVIEWS = YES;
				GENERATE_INFOPLIST_FILE = YES;
				INFOPLIST_KEY_UIApplicationSceneManifest_Generation = YES;
				INFOPLIST_KEY_UIApplicationSupportsIndirectInputEvents = YES;
				INFOPLIST_KEY_UILaunchScreen_Generation = YES;
				INFOPLIST_KEY_UISupportedInterfaceOrientations_iPad = "UIInterfaceOrientationPortrait UIInterfaceOrientationPortraitUpsideDown UIInterfaceOrientationLandscapeLeft UIInterfaceOrientationLandscapeRight";
				INFOPLIST_KEY_UISupportedInterfaceOrientations_iPhone = "UIInterfaceOrientationPortrait UIInterfaceOrientationLandscapeLeft UIInterfaceOrientationLandscapeRight";
				LD_RUNPATH_SEARCH_PATHS = (
					"$(inherited)",
					"@executable_path/Frameworks",
				);
				MARKETING_VERSION = 1.0;
				PRODUCT_BUNDLE_IDENTIFIER = io.DesignToSwiftUI.MovieTheatreSeating;
				PRODUCT_NAME = "$(TARGET_NAME)";
				SUPPORTED_PLATFORMS = "iphoneos iphonesimulator";
				SUPPORTS_MACCATALYST = NO;
				SUPPORTS_MAC_DESIGNED_FOR_IPHONE_IPAD = NO;
				SWIFT_EMIT_LOC_STRINGS = YES;
				SWIFT_VERSION = 5.0;
				TARGETED_DEVICE_FAMILY = "1,2";
			};
			name = Release;
		};
/* End XCBuildConfiguration section */

/* Begin XCConfigurationList section */
		46A15C9A28DA2A9D0067AFF8 /* Build configuration list for PBXProject "MovieTheatreSeating" */ = {
			isa = XCConfigurationList;
			buildConfigurations = (
				46A15CAB28DA2A9E0067AFF8 /* Debug */,
				46A15CAC28DA2A9E0067AFF8 /* Release */,
			);
			defaultConfigurationIsVisible = 0;
			defaultConfigurationName = Release;
		};
		46A15CAD28DA2A9E0067AFF8 /* Build configuration list for PBXNativeTarget "MovieTheatreSeating" */ = {
			isa = XCConfigurationList;
			buildConfigurations = (
				46A15CAE28DA2A9E0067AFF8 /* Debug */,
				46A15CAF28DA2A9E0067AFF8 /* Release */,
			);
			defaultConfigurationIsVisible = 0;
			defaultConfigurationName = Release;
		};
/* End XCConfigurationList section */
	};
	rootObject = 46A15C9728DA2A9D0067AFF8 /* Project object */;
}
